// !$*UTF8*$!
{
	archiveVersion = 1;
	classes = {
	};
	objectVersion = 46;
	objects = {

/* Begin PBXBuildFile section */
		CE7DFA8E1A5BB33700221B93 /* main.swift in Sources */ = {isa = PBXBuildFile; fileRef = CE7DFA8D1A5BB33700221B93 /* main.swift */; };
		CED2F9A21A5BBFCD00A574E6 /* SwiftCGI.framework in Frameworks */ = {isa = PBXBuildFile; fileRef = CED2F9A11A5BBFCD00A574E6 /* SwiftCGI.framework */; };
/* End PBXBuildFile section */

/* Begin PBXCopyFilesBuildPhase section */
		CE7DFA881A5BB33700221B93 /* CopyFiles */ = {
			isa = PBXCopyFilesBuildPhase;
			buildActionMask = 2147483647;
			dstPath = /usr/share/man/man1/;
			dstSubfolderSpec = 0;
			files = (
			);
			runOnlyForDeploymentPostprocessing = 1;
		};
/* End PBXCopyFilesBuildPhase section */

/* Begin PBXFileReference section */
		CE7DFA8A1A5BB33700221B93 /* SwiftCGIDemo */ = {isa = PBXFileReference; explicitFileType = "compiled.mach-o.executable"; includeInIndex = 0; path = SwiftCGIDemo; sourceTree = BUILT_PRODUCTS_DIR; };
		CE7DFA8D1A5BB33700221B93 /* main.swift */ = {isa = PBXFileReference; lastKnownFileType = sourcecode.swift; path = main.swift; sourceTree = "<group>"; };
		CED2F9A11A5BBFCD00A574E6 /* SwiftCGI.framework */ = {isa = PBXFileReference; lastKnownFileType = wrapper.framework; name = SwiftCGI.framework; path = "../../Library/Developer/Xcode/DerivedData/SwiftCGIDemo-evxixnwzczhfcygvspuwycieqepy/Build/Products/Debug/SwiftCGI.framework"; sourceTree = "<group>"; };
/* End PBXFileReference section */

/* Begin PBXFrameworksBuildPhase section */
		CE7DFA871A5BB33700221B93 /* Frameworks */ = {
			isa = PBXFrameworksBuildPhase;
			buildActionMask = 2147483647;
			files = (
				CED2F9A21A5BBFCD00A574E6 /* SwiftCGI.framework in Frameworks */,
			);
			runOnlyForDeploymentPostprocessing = 0;
		};
/* End PBXFrameworksBuildPhase section */

/* Begin PBXGroup section */
		CE7DFA811A5BB33700221B93 = {
			isa = PBXGroup;
			children = (
				CE7DFA8C1A5BB33700221B93 /* SwiftCGIDemo */,
				CED2F9A31A5BBFDC00A574E6 /* Frameworks */,
				CE7DFA8B1A5BB33700221B93 /* Products */,
			);
			sourceTree = "<group>";
		};
		CE7DFA8B1A5BB33700221B93 /* Products */ = {
			isa = PBXGroup;
			children = (
				CE7DFA8A1A5BB33700221B93 /* SwiftCGIDemo */,
			);
			name = Products;
			sourceTree = "<group>";
		};
		CE7DFA8C1A5BB33700221B93 /* SwiftCGIDemo */ = {
			isa = PBXGroup;
			children = (
				CE7DFA8D1A5BB33700221B93 /* main.swift */,
			);
			path = SwiftCGIDemo;
			sourceTree = "<group>";
		};
		CED2F9A31A5BBFDC00A574E6 /* Frameworks */ = {
			isa = PBXGroup;
			children = (
				CED2F9A11A5BBFCD00A574E6 /* SwiftCGI.framework */,
			);
			name = Frameworks;
			sourceTree = "<group>";
		};
/* End PBXGroup section */

/* Begin PBXNativeTarget section */
		CE7DFA891A5BB33700221B93 /* SwiftCGIDemo */ = {
			isa = PBXNativeTarget;
			buildConfigurationList = CE7DFA911A5BB33700221B93 /* Build configuration list for PBXNativeTarget "SwiftCGIDemo" */;
			buildPhases = (
				CE7DFA861A5BB33700221B93 /* Sources */,
				CE7DFA871A5BB33700221B93 /* Frameworks */,
				CE7DFA881A5BB33700221B93 /* CopyFiles */,
			);
			buildRules = (
			);
			dependencies = (
			);
			name = SwiftCGIDemo;
			productName = SwiftCGIDemo;
			productReference = CE7DFA8A1A5BB33700221B93 /* SwiftCGIDemo */;
			productType = "com.apple.product-type.tool";
		};
/* End PBXNativeTarget section */

/* Begin PBXProject section */
		CE7DFA821A5BB33700221B93 /* Project object */ = {
			isa = PBXProject;
			attributes = {
				LastUpgradeCheck = 0610;
				ORGANIZATIONNAME = "Ian Wagner";
				TargetAttributes = {
					CE7DFA891A5BB33700221B93 = {
						CreatedOnToolsVersion = 6.1.1;
					};
				};
			};
			buildConfigurationList = CE7DFA851A5BB33700221B93 /* Build configuration list for PBXProject "SwiftCGIDemo" */;
			compatibilityVersion = "Xcode 3.2";
			developmentRegion = English;
			hasScannedForEncodings = 0;
			knownRegions = (
				en,
			);
			mainGroup = CE7DFA811A5BB33700221B93;
			productRefGroup = CE7DFA8B1A5BB33700221B93 /* Products */;
			projectDirPath = "";
			projectRoot = "";
			targets = (
				CE7DFA891A5BB33700221B93 /* SwiftCGIDemo */,
			);
		};
/* End PBXProject section */

/* Begin PBXSourcesBuildPhase section */
		CE7DFA861A5BB33700221B93 /* Sources */ = {
			isa = PBXSourcesBuildPhase;
			buildActionMask = 2147483647;
			files = (
				CE7DFA8E1A5BB33700221B93 /* main.swift in Sources */,
			);
			runOnlyForDeploymentPostprocessing = 0;
		};
/* End PBXSourcesBuildPhase section */

/* Begin XCBuildConfiguration section */
		CE7DFA8F1A5BB33700221B93 /* Debug */ = {
			isa = XCBuildConfiguration;
			buildSettings = {
				ALWAYS_SEARCH_USER_PATHS = NO;
				CLANG_CXX_LANGUAGE_STANDARD = "gnu++0x";
				CLANG_CXX_LIBRARY = "libc++";
				CLANG_ENABLE_MODULES = YES;
				CLANG_ENABLE_OBJC_ARC = YES;
				CLANG_WARN_BOOL_CONVERSION = YES;
				CLANG_WARN_CONSTANT_CONVERSION = YES;
				CLANG_WARN_DIRECT_OBJC_ISA_USAGE = YES_ERROR;
				CLANG_WARN_EMPTY_BODY = YES;
				CLANG_WARN_ENUM_CONVERSION = YES;
				CLANG_WARN_INT_CONVERSION = YES;
				CLANG_WARN_OBJC_ROOT_CLASS = YES_ERROR;
				CLANG_WARN_UNREACHABLE_CODE = YES;
				CLANG_WARN__DUPLICATE_METHOD_MATCH = YES;
				COPY_PHASE_STRIP = NO;
				ENABLE_STRICT_OBJC_MSGSEND = YES;
				GCC_C_LANGUAGE_STANDARD = gnu99;
				GCC_DYNAMIC_NO_PIC = NO;
				GCC_OPTIMIZATION_LEVEL = 0;
				GCC_PREPROCESSOR_DEFINITIONS = (
					"DEBUG=1",
					"$(inherited)",
				);
				GCC_SYMBOLS_PRIVATE_EXTERN = NO;
				GCC_WARN_64_TO_32_BIT_CONVERSION = YES;
				GCC_WARN_ABOUT_RETURN_TYPE = YES_ERROR;
				GCC_WARN_UNDECLARED_SELECTOR = YES;
				GCC_WARN_UNINITIALIZED_AUTOS = YES_AGGRESSIVE;
				GCC_WARN_UNUSED_FUNCTION = YES;
				GCC_WARN_UNUSED_VARIABLE = YES;
				MACOSX_DEPLOYMENT_TARGET = 10.10;
				MTL_ENABLE_DEBUG_INFO = YES;
				ONLY_ACTIVE_ARCH = YES;
				SDKROOT = macosx;
				SWIFT_OPTIMIZATION_LEVEL = "-Onone";
			};
			name = Debug;
		};
		CE7DFA901A5BB33700221B93 /* Release */ = {
			isa = XCBuildConfiguration;
			buildSettings = {
				ALWAYS_SEARCH_USER_PATHS = NO;
				CLANG_CXX_LANGUAGE_STANDARD = "gnu++0x";
				CLANG_CXX_LIBRARY = "libc++";
				CLANG_ENABLE_MODULES = YES;
				CLANG_ENABLE_OBJC_ARC = YES;
				CLANG_WARN_BOOL_CONVERSION = YES;
				CLANG_WARN_CONSTANT_CONVERSION = YES;
				CLANG_WARN_DIRECT_OBJC_ISA_USAGE = YES_ERROR;
				CLANG_WARN_EMPTY_BODY = YES;
				CLANG_WARN_ENUM_CONVERSION = YES;
				CLANG_WARN_INT_CONVERSION = YES;
				CLANG_WARN_OBJC_ROOT_CLASS = YES_ERROR;
				CLANG_WARN_UNREACHABLE_CODE = YES;
				CLANG_WARN__DUPLICATE_METHOD_MATCH = YES;
				COPY_PHASE_STRIP = YES;
				DEBUG_INFORMATION_FORMAT = "dwarf-with-dsym";
				ENABLE_NS_ASSERTIONS = NO;
				ENABLE_STRICT_OBJC_MSGSEND = YES;
				GCC_C_LANGUAGE_STANDARD = gnu99;
				GCC_WARN_64_TO_32_BIT_CONVERSION = YES;
				GCC_WARN_ABOUT_RETURN_TYPE = YES_ERROR;
				GCC_WARN_UNDECLARED_SELECTOR = YES;
				GCC_WARN_UNINITIALIZED_AUTOS = YES_AGGRESSIVE;
				GCC_WARN_UNUSED_FUNCTION = YES;
				GCC_WARN_UNUSED_VARIABLE = YES;
				MACOSX_DEPLOYMENT_TARGET = 10.10;
				MTL_ENABLE_DEBUG_INFO = NO;
				SDKROOT = macosx;
			};
			name = Release;
		};
		CE7DFA921A5BB33700221B93 /* Debug */ = {
			isa = XCBuildConfiguration;
			buildSettings = {
				EMBEDDED_CONTENT_CONTAINS_SWIFT = NO;
				FRAMEWORK_SEARCH_PATHS = (
					"$(inherited)",
					"$(USER_LIBRARY_DIR)/Developer/Xcode/DerivedData/SwiftCGI-bobckznckkscesgjaqecefvjeqvd/Build/Products/Debug",
					"$(USER_LIBRARY_DIR)/Developer/Xcode/DerivedData/SwiftCGIDemo-evxixnwzczhfcygvspuwycieqepy/Build/Products/Debug",
				);
				PRODUCT_NAME = "$(TARGET_NAME)";
			};
			name = Debug;
		};
		CE7DFA931A5BB33700221B93 /* Release */ = {
			isa = XCBuildConfiguration;
			buildSettings = {
				EMBEDDED_CONTENT_CONTAINS_SWIFT = NO;
				FRAMEWORK_SEARCH_PATHS = (
					"$(inherited)",
					"$(USER_LIBRARY_DIR)/Developer/Xcode/DerivedData/SwiftCGI-bobckznckkscesgjaqecefvjeqvd/Build/Products/Debug",
					"$(USER_LIBRARY_DIR)/Developer/Xcode/DerivedData/SwiftCGIDemo-evxixnwzczhfcygvspuwycieqepy/Build/Products/Debug",
				);
				GCC_SYMBOLS_PRIVATE_EXTERN = YES;
				PRODUCT_NAME = "$(TARGET_NAME)";
			};
			name = Release;
		};
/* End XCBuildConfiguration section */

/* Begin XCConfigurationList section */
		CE7DFA851A5BB33700221B93 /* Build configuration list for PBXProject "SwiftCGIDemo" */ = {
			isa = XCConfigurationList;
			buildConfigurations = (
				CE7DFA8F1A5BB33700221B93 /* Debug */,
				CE7DFA901A5BB33700221B93 /* Release */,
			);
			defaultConfigurationIsVisible = 0;
			defaultConfigurationName = Release;
		};
		CE7DFA911A5BB33700221B93 /* Build configuration list for PBXNativeTarget "SwiftCGIDemo" */ = {
			isa = XCConfigurationList;
			buildConfigurations = (
				CE7DFA921A5BB33700221B93 /* Debug */,
				CE7DFA931A5BB33700221B93 /* Release */,
			);
			defaultConfigurationIsVisible = 0;
			defaultConfigurationName = Release;
		};
/* End XCConfigurationList section */
	};
	rootObject = CE7DFA821A5BB33700221B93 /* Project object */;
}
